{
  "name": "landing-page-vocare",
  "version": "1.0.0",
  "lockfileVersion": 3,
  "requires": true,
  "packages": {
    "": {
      "name": "landing-page-vocare",
      "version": "1.0.0",
      "license": "ISC",
      "dependencies": {
        "@gsap/react": "^2.1.2",
        "gsap": "^3.12.7",
        "lucide-react": "^0.479.0",
        "react": "^19.0.0",
        "react-dom": "^19.0.0"
      },
      "devDependencies": {
        "@vitejs/plugin-react": "^4.3.4",
        "autoprefixer": "^10.4.20",
        "postcss": "^8.5.3",
        "tailwindcss": "^3.4.17",
        "vite": "^6.2.0"
      }
    },
    "node_modules/vite": {
      "version": "6.4.2",
      "resolved": "https://registry.npmjs.org/vite/-/vite-6.4.2.tgz",
      "integrity": "sha512-2N/55r4JDJ4gdrCvGgINMy+HH3iRpNIz8K6SFwVsA+JbQScLiC+clmAxBgwiSPgcG9U15QmvqCGWzMbqda5zGQ==",
      "dev": true,
      "license": "MIT",
      "dependencies": {
        "esbuild": "^0.25.0",
        "fdir": "^6.4.4",
        "picomatch": "^4.0.2",
        "postcss": "^8.5.3",
        "rollup": "^4.34.9",
        "tinyglobby": "^0.2.13"
      },
      "bin": {
        "vite": "bin/vite.js"
      },
      "engines": {
        "node": "^18.0.0 || ^20.0.0 || >=22.0.0"
      },
      "funding": {
        "url": "https://github.com/vitejs/vite?sponsor=1"
      }
    }
  }
}
